{
  "name": "Dashboard-Expedicao",
  "lockfileVersion": 3,
  "requires": true,
  "packages": {
    "": {
      "dependencies": {
        "dayjs": "^1.11.13",
        "luxon": "^3.6.1"
      }
    },
    "node_modules/dayjs": {
      "version": "1.11.13",
      "resolved": "https://registry.npmjs.org/dayjs/-/dayjs-1.11.13.tgz",
      "integrity": "sha512-oaMBel6gjolK862uaPQOVTA7q3TZhuSvuMQAAglQDOWYO9A91IrAOUJEyKVlqJlHE0vq5p5UXxzdPfMH/x6xNg==",
      "license": "MIT"
    },
    "node_modules/luxon": {
      "version": "3.6.1",
      "resolved": "https://registry.npmjs.org/luxon/-/luxon-3.6.1.tgz",
      "integrity": "sha512-tJLxrKJhO2ukZ5z0gyjY1zPh3Rh88Ej9P7jNrZiHMUXHae1yvI2imgOZtL1TO8TW6biMMKfTtAOoEJANgtWBMQ==",
      "license": "MIT",
      "engines": {
        "node": ">=12"
      }
    }
  }
}
